// !$*UTF8*$!
{
	archiveVersion = 1;
	classes = {
	};
	objectVersion = 56;
	objects = {

/* Begin PBXBuildFile section */
		4A04428428C5380A00ED7227 /* WorkoutEditViewModel.swift in Sources */ = {isa = PBXBuildFile; fileRef = 4A04428328C5380A00ED7227 /* WorkoutEditViewModel.swift */; };
		4A0442CB28C599F700ED7227 /* WorkoutDetailScreen.swift in Sources */ = {isa = PBXBuildFile; fileRef = 4A0442CA28C599F700ED7227 /* WorkoutDetailScreen.swift */; };
		4A0442CD28C6466300ED7227 /* WorkoutCell.swift in Sources */ = {isa = PBXBuildFile; fileRef = 4A0442CC28C6466300ED7227 /* WorkoutCell.swift */; };
		4A1AB62028C65C1100B4C722 /* WorkoutEditScreen.swift in Sources */ = {isa = PBXBuildFile; fileRef = 4A1AB61F28C65C1100B4C722 /* WorkoutEditScreen.swift */; };
		4A1AB62228C65E6800B4C722 /* WorkoutDetailViewModel.swift in Sources */ = {isa = PBXBuildFile; fileRef = 4A1AB62128C65E6800B4C722 /* WorkoutDetailViewModel.swift */; };
		4A2F3FF128B6ED5E00FFE0B6 /* RebukeApp.swift in Sources */ = {isa = PBXBuildFile; fileRef = 4A2F3FF028B6ED5E00FFE0B6 /* RebukeApp.swift */; };
		4A2F3FF328B6ED5E00FFE0B6 /* ContentView.swift in Sources */ = {isa = PBXBuildFile; fileRef = 4A2F3FF228B6ED5E00FFE0B6 /* ContentView.swift */; };
		4A2F3FF528B6ED5F00FFE0B6 /* Assets.xcassets in Resources */ = {isa = PBXBuildFile; fileRef = 4A2F3FF428B6ED5F00FFE0B6 /* Assets.xcassets */; };
		4A2F3FF828B6ED5F00FFE0B6 /* Preview Assets.xcassets in Resources */ = {isa = PBXBuildFile; fileRef = 4A2F3FF728B6ED5F00FFE0B6 /* Preview Assets.xcassets */; };
		4A2F400228B6ED5F00FFE0B6 /* RebukeTests.swift in Sources */ = {isa = PBXBuildFile; fileRef = 4A2F400128B6ED5F00FFE0B6 /* RebukeTests.swift */; };
		4A2F400C28B6ED5F00FFE0B6 /* RebukeUITests.swift in Sources */ = {isa = PBXBuildFile; fileRef = 4A2F400B28B6ED5F00FFE0B6 /* RebukeUITests.swift */; };
		4A2F400E28B6ED5F00FFE0B6 /* RebukeUITestsLaunchTests.swift in Sources */ = {isa = PBXBuildFile; fileRef = 4A2F400D28B6ED5F00FFE0B6 /* RebukeUITestsLaunchTests.swift */; };
		4A2F401C28B6EDA500FFE0B6 /* DailyWorkout.xcdatamodeld in Sources */ = {isa = PBXBuildFile; fileRef = 4A2F401A28B6EDA500FFE0B6 /* DailyWorkout.xcdatamodeld */; };
		4A2F402328B6F1D200FFE0B6 /* HistoryModel.swift in Sources */ = {isa = PBXBuildFile; fileRef = 4A2F402228B6F1D200FFE0B6 /* HistoryModel.swift */; };
		4A2F402528B6F26300FFE0B6 /* Workout + Extensions.swift in Sources */ = {isa = PBXBuildFile; fileRef = 4A2F402428B6F26300FFE0B6 /* Workout + Extensions.swift */; };
		4A2F402728B6F2F600FFE0B6 /* BaseModel.swift in Sources */ = {isa = PBXBuildFile; fileRef = 4A2F402628B6F2F600FFE0B6 /* BaseModel.swift */; };
		4A2F402B28B6F3EA00FFE0B6 /* CoreDataManager.swift in Sources */ = {isa = PBXBuildFile; fileRef = 4A2F402A28B6F3EA00FFE0B6 /* CoreDataManager.swift */; };
		4A2F402D28B6F4B200FFE0B6 /* WorkoutListViewModel.swift in Sources */ = {isa = PBXBuildFile; fileRef = 4A2F402C28B6F4B200FFE0B6 /* WorkoutListViewModel.swift */; };
		4A2F402F28B6F5F500FFE0B6 /* ViewExtension.swift in Sources */ = {isa = PBXBuildFile; fileRef = 4A2F402E28B6F5F500FFE0B6 /* ViewExtension.swift */; };
		4A2F403128B6F61B00FFE0B6 /* DateExtension.swift in Sources */ = {isa = PBXBuildFile; fileRef = 4A2F403028B6F61B00FFE0B6 /* DateExtension.swift */; };
		4A2F403328B6F77F00FFE0B6 /* WorkoutListScreen.swift in Sources */ = {isa = PBXBuildFile; fileRef = 4A2F403228B6F77F00FFE0B6 /* WorkoutListScreen.swift */; };
		4A2F403528B70C9100FFE0B6 /* AddWorkoutScreen.swift in Sources */ = {isa = PBXBuildFile; fileRef = 4A2F403428B70C9100FFE0B6 /* AddWorkoutScreen.swift */; };
		4A2F403928B710F600FFE0B6 /* AddWorkoutViewModel.swift in Sources */ = {isa = PBXBuildFile; fileRef = 4A2F403828B710F600FFE0B6 /* AddWorkoutViewModel.swift */; };
		4A2F403F28B86A6B00FFE0B6 /* Colorize.swift in Sources */ = {isa = PBXBuildFile; fileRef = 4A2F403E28B86A6B00FFE0B6 /* Colorize.swift */; };
		4A2F404128B86EC400FFE0B6 /* TimerView.swift in Sources */ = {isa = PBXBuildFile; fileRef = 4A2F404028B86EC400FFE0B6 /* TimerView.swift */; };
		4A2F404328B86F2A00FFE0B6 /* ThemeModel.swift in Sources */ = {isa = PBXBuildFile; fileRef = 4A2F404228B86F2A00FFE0B6 /* ThemeModel.swift */; };
		4A2F404528B86F5900FFE0B6 /* ThemeData.swift in Sources */ = {isa = PBXBuildFile; fileRef = 4A2F404428B86F5900FFE0B6 /* ThemeData.swift */; };
		4A2F404728B86F8400FFE0B6 /* ThemeSettings.swift in Sources */ = {isa = PBXBuildFile; fileRef = 4A2F404628B86F8400FFE0B6 /* ThemeSettings.swift */; };
/* End PBXBuildFile section */

/* Begin PBXContainerItemProxy section */
		4A2F3FFE28B6ED5F00FFE0B6 /* PBXContainerItemProxy */ = {
			isa = PBXContainerItemProxy;
			containerPortal = 4A2F3FE528B6ED5E00FFE0B6 /* Project object */;
			proxyType = 1;
			remoteGlobalIDString = 4A2F3FEC28B6ED5E00FFE0B6;
			remoteInfo = Rebuke;
		};
		4A2F400828B6ED5F00FFE0B6 /* PBXContainerItemProxy */ = {
			isa = PBXContainerItemProxy;
			containerPortal = 4A2F3FE528B6ED5E00FFE0B6 /* Project object */;
			proxyType = 1;
			remoteGlobalIDString = 4A2F3FEC28B6ED5E00FFE0B6;
			remoteInfo = Rebuke;
		};
/* End PBXContainerItemProxy section */

/* Begin PBXFileReference section */
		4A04428328C5380A00ED7227 /* WorkoutEditViewModel.swift */ = {isa = PBXFileReference; lastKnownFileType = sourcecode.swift; path = WorkoutEditViewModel.swift; sourceTree = "<group>"; };
		4A0442CA28C599F700ED7227 /* WorkoutDetailScreen.swift */ = {isa = PBXFileReference; lastKnownFileType = sourcecode.swift; path = WorkoutDetailScreen.swift; sourceTree = "<group>"; };
		4A0442CC28C6466300ED7227 /* WorkoutCell.swift */ = {isa = PBXFileReference; lastKnownFileType = sourcecode.swift; path = WorkoutCell.swift; sourceTree = "<group>"; };
		4A1AB61F28C65C1100B4C722 /* WorkoutEditScreen.swift */ = {isa = PBXFileReference; lastKnownFileType = sourcecode.swift; path = WorkoutEditScreen.swift; sourceTree = "<group>"; };
		4A1AB62128C65E6800B4C722 /* WorkoutDetailViewModel.swift */ = {isa = PBXFileReference; lastKnownFileType = sourcecode.swift; path = WorkoutDetailViewModel.swift; sourceTree = "<group>"; };
		4A2F3FED28B6ED5E00FFE0B6 /* Rebuke.app */ = {isa = PBXFileReference; explicitFileType = wrapper.application; includeInIndex = 0; path = Rebuke.app; sourceTree = BUILT_PRODUCTS_DIR; };
		4A2F3FF028B6ED5E00FFE0B6 /* RebukeApp.swift */ = {isa = PBXFileReference; lastKnownFileType = sourcecode.swift; path = RebukeApp.swift; sourceTree = "<group>"; };
		4A2F3FF228B6ED5E00FFE0B6 /* ContentView.swift */ = {isa = PBXFileReference; lastKnownFileType = sourcecode.swift; path = ContentView.swift; sourceTree = "<group>"; };
		4A2F3FF428B6ED5F00FFE0B6 /* Assets.xcassets */ = {isa = PBXFileReference; lastKnownFileType = folder.assetcatalog; path = Assets.xcassets; sourceTree = "<group>"; };
		4A2F3FF728B6ED5F00FFE0B6 /* Preview Assets.xcassets */ = {isa = PBXFileReference; lastKnownFileType = folder.assetcatalog; path = "Preview Assets.xcassets"; sourceTree = "<group>"; };
		4A2F3FFD28B6ED5F00FFE0B6 /* RebukeTests.xctest */ = {isa = PBXFileReference; explicitFileType = wrapper.cfbundle; includeInIndex = 0; path = RebukeTests.xctest; sourceTree = BUILT_PRODUCTS_DIR; };
		4A2F400128B6ED5F00FFE0B6 /* RebukeTests.swift */ = {isa = PBXFileReference; lastKnownFileType = sourcecode.swift; path = RebukeTests.swift; sourceTree = "<group>"; };
		4A2F400728B6ED5F00FFE0B6 /* RebukeUITests.xctest */ = {isa = PBXFileReference; explicitFileType = wrapper.cfbundle; includeInIndex = 0; path = RebukeUITests.xctest; sourceTree = BUILT_PRODUCTS_DIR; };
		4A2F400B28B6ED5F00FFE0B6 /* RebukeUITests.swift */ = {isa = PBXFileReference; lastKnownFileType = sourcecode.swift; path = RebukeUITests.swift; sourceTree = "<group>"; };
		4A2F400D28B6ED5F00FFE0B6 /* RebukeUITestsLaunchTests.swift */ = {isa = PBXFileReference; lastKnownFileType = sourcecode.swift; path = RebukeUITestsLaunchTests.swift; sourceTree = "<group>"; };
		4A2F401B28B6EDA500FFE0B6 /* DailyWorkout.xcdatamodel */ = {isa = PBXFileReference; lastKnownFileType = wrapper.xcdatamodel; path = DailyWorkout.xcdatamodel; sourceTree = "<group>"; };
		4A2F402228B6F1D200FFE0B6 /* HistoryModel.swift */ = {isa = PBXFileReference; lastKnownFileType = sourcecode.swift; path = HistoryModel.swift; sourceTree = "<group>"; };
		4A2F402428B6F26300FFE0B6 /* Workout + Extensions.swift */ = {isa = PBXFileReference; lastKnownFileType = sourcecode.swift; path = "Workout + Extensions.swift"; sourceTree = "<group>"; };
		4A2F402628B6F2F600FFE0B6 /* BaseModel.swift */ = {isa = PBXFileReference; lastKnownFileType = sourcecode.swift; path = BaseModel.swift; sourceTree = "<group>"; };
		4A2F402A28B6F3EA00FFE0B6 /* CoreDataManager.swift */ = {isa = PBXFileReference; lastKnownFileType = sourcecode.swift; path = CoreDataManager.swift; sourceTree = "<group>"; };
		4A2F402C28B6F4B200FFE0B6 /* WorkoutListViewModel.swift */ = {isa = PBXFileReference; lastKnownFileType = sourcecode.swift; path = WorkoutListViewModel.swift; sourceTree = "<group>"; };
		4A2F402E28B6F5F500FFE0B6 /* ViewExtension.swift */ = {isa = PBXFileReference; lastKnownFileType = sourcecode.swift; path = ViewExtension.swift; sourceTree = "<group>"; };
		4A2F403028B6F61B00FFE0B6 /* DateExtension.swift */ = {isa = PBXFileReference; lastKnownFileType = sourcecode.swift; path = DateExtension.swift; sourceTree = "<group>"; };
		4A2F403228B6F77F00FFE0B6 /* WorkoutListScreen.swift */ = {isa = PBXFileReference; lastKnownFileType = sourcecode.swift; path = WorkoutListScreen.swift; sourceTree = "<group>"; };
		4A2F403428B70C9100FFE0B6 /* AddWorkoutScreen.swift */ = {isa = PBXFileReference; lastKnownFileType = sourcecode.swift; path = AddWorkoutScreen.swift; sourceTree = "<group>"; };
		4A2F403828B710F600FFE0B6 /* AddWorkoutViewModel.swift */ = {isa = PBXFileReference; lastKnownFileType = sourcecode.swift; path = AddWorkoutViewModel.swift; sourceTree = "<group>"; };
		4A2F403E28B86A6B00FFE0B6 /* Colorize.swift */ = {isa = PBXFileReference; lastKnownFileType = sourcecode.swift; path = Colorize.swift; sourceTree = "<group>"; };
		4A2F404028B86EC400FFE0B6 /* TimerView.swift */ = {isa = PBXFileReference; lastKnownFileType = sourcecode.swift; path = TimerView.swift; sourceTree = "<group>"; };
		4A2F404228B86F2A00FFE0B6 /* ThemeModel.swift */ = {isa = PBXFileReference; lastKnownFileType = sourcecode.swift; path = ThemeModel.swift; sourceTree = "<group>"; };
		4A2F404428B86F5900FFE0B6 /* ThemeData.swift */ = {isa = PBXFileReference; lastKnownFileType = sourcecode.swift; path = ThemeData.swift; sourceTree = "<group>"; };
		4A2F404628B86F8400FFE0B6 /* ThemeSettings.swift */ = {isa = PBXFileReference; lastKnownFileType = sourcecode.swift; path = ThemeSettings.swift; sourceTree = "<group>"; };
/* End PBXFileReference section */

/* Begin PBXFrameworksBuildPhase section */
		4A2F3FEA28B6ED5E00FFE0B6 /* Frameworks */ = {
			isa = PBXFrameworksBuildPhase;
			buildActionMask = 2147483647;
			files = (
			);
			runOnlyForDeploymentPostprocessing = 0;
		};
		4A2F3FFA28B6ED5F00FFE0B6 /* Frameworks */ = {
			isa = PBXFrameworksBuildPhase;
			buildActionMask = 2147483647;
			files = (
			);
			runOnlyForDeploymentPostprocessing = 0;
		};
		4A2F400428B6ED5F00FFE0B6 /* Frameworks */ = {
			isa = PBXFrameworksBuildPhase;
			buildActionMask = 2147483647;
			files = (
			);
			runOnlyForDeploymentPostprocessing = 0;
		};
/* End PBXFrameworksBuildPhase section */

/* Begin PBXGroup section */
		4A0442CE28C653FC00ED7227 /* Screens */ = {
			isa = PBXGroup;
			children = (
				4A0442CA28C599F700ED7227 /* WorkoutDetailScreen.swift */,
				4A2F403228B6F77F00FFE0B6 /* WorkoutListScreen.swift */,
				4A2F403428B70C9100FFE0B6 /* AddWorkoutScreen.swift */,
				4A1AB61F28C65C1100B4C722 /* WorkoutEditScreen.swift */,
			);
			path = Screens;
			sourceTree = "<group>";
		};
		4A2F3FE428B6ED5E00FFE0B6 = {
			isa = PBXGroup;
			children = (
				4A2F3FEF28B6ED5E00FFE0B6 /* Rebuke */,
				4A2F400028B6ED5F00FFE0B6 /* RebukeTests */,
				4A2F400A28B6ED5F00FFE0B6 /* RebukeUITests */,
				4A2F3FEE28B6ED5E00FFE0B6 /* Products */,
			);
			sourceTree = "<group>";
		};
		4A2F3FEE28B6ED5E00FFE0B6 /* Products */ = {
			isa = PBXGroup;
			children = (
				4A2F3FED28B6ED5E00FFE0B6 /* Rebuke.app */,
				4A2F3FFD28B6ED5F00FFE0B6 /* RebukeTests.xctest */,
				4A2F400728B6ED5F00FFE0B6 /* RebukeUITests.xctest */,
			);
			name = Products;
			sourceTree = "<group>";
		};
		4A2F3FEF28B6ED5E00FFE0B6 /* Rebuke */ = {
			isa = PBXGroup;
			children = (
				4A2F402128B6EFA500FFE0B6 /* Extensions */,
				4A2F402028B6EF9900FFE0B6 /* Manager */,
				4A2F401F28B6EF8C00FFE0B6 /* ViewModels */,
				4A2F401E28B6EF8000FFE0B6 /* Views */,
				4A2F401D28B6EF6E00FFE0B6 /* Models */,
				4A2F3FF028B6ED5E00FFE0B6 /* RebukeApp.swift */,
				4A2F3FF228B6ED5E00FFE0B6 /* ContentView.swift */,
				4A2F3FF428B6ED5F00FFE0B6 /* Assets.xcassets */,
				4A2F3FF628B6ED5F00FFE0B6 /* Preview Content */,
				4A2F401A28B6EDA500FFE0B6 /* DailyWorkout.xcdatamodeld */,
			);
			path = Rebuke;
			sourceTree = "<group>";
		};
		4A2F3FF628B6ED5F00FFE0B6 /* Preview Content */ = {
			isa = PBXGroup;
			children = (
				4A2F3FF728B6ED5F00FFE0B6 /* Preview Assets.xcassets */,
			);
			path = "Preview Content";
			sourceTree = "<group>";
		};
		4A2F400028B6ED5F00FFE0B6 /* RebukeTests */ = {
			isa = PBXGroup;
			children = (
				4A2F400128B6ED5F00FFE0B6 /* RebukeTests.swift */,
			);
			path = RebukeTests;
			sourceTree = "<group>";
		};
		4A2F400A28B6ED5F00FFE0B6 /* RebukeUITests */ = {
			isa = PBXGroup;
			children = (
				4A2F400B28B6ED5F00FFE0B6 /* RebukeUITests.swift */,
				4A2F400D28B6ED5F00FFE0B6 /* RebukeUITestsLaunchTests.swift */,
			);
			path = RebukeUITests;
			sourceTree = "<group>";
		};
		4A2F401D28B6EF6E00FFE0B6 /* Models */ = {
			isa = PBXGroup;
			children = (
				4A2F402228B6F1D200FFE0B6 /* HistoryModel.swift */,
				4A2F402428B6F26300FFE0B6 /* Workout + Extensions.swift */,
				4A2F402628B6F2F600FFE0B6 /* BaseModel.swift */,
				4A2F404228B86F2A00FFE0B6 /* ThemeModel.swift */,
				4A2F404428B86F5900FFE0B6 /* ThemeData.swift */,
				4A2F404628B86F8400FFE0B6 /* ThemeSettings.swift */,
			);
			path = Models;
			sourceTree = "<group>";
		};
		4A2F401E28B6EF8000FFE0B6 /* Views */ = {
			isa = PBXGroup;
			children = (
				4A2F404028B86EC400FFE0B6 /* TimerView.swift */,
				4A0442CC28C6466300ED7227 /* WorkoutCell.swift */,
				4A0442CE28C653FC00ED7227 /* Screens */,
			);
			path = Views;
			sourceTree = "<group>";
		};
		4A2F401F28B6EF8C00FFE0B6 /* ViewModels */ = {
			isa = PBXGroup;
			children = (
				4A2F402C28B6F4B200FFE0B6 /* WorkoutListViewModel.swift */,
				4A2F403828B710F600FFE0B6 /* AddWorkoutViewModel.swift */,
				4A04428328C5380A00ED7227 /* WorkoutEditViewModel.swift */,
				4A1AB62128C65E6800B4C722 /* WorkoutDetailViewModel.swift */,
			);
			path = ViewModels;
			sourceTree = "<group>";
		};
		4A2F402028B6EF9900FFE0B6 /* Manager */ = {
			isa = PBXGroup;
			children = (
				4A2F402A28B6F3EA00FFE0B6 /* CoreDataManager.swift */,
			);
			path = Manager;
			sourceTree = "<group>";
		};
		4A2F402128B6EFA500FFE0B6 /* Extensions */ = {
			isa = PBXGroup;
			children = (
				4A2F402E28B6F5F500FFE0B6 /* ViewExtension.swift */,
				4A2F403028B6F61B00FFE0B6 /* DateExtension.swift */,
				4A2F403E28B86A6B00FFE0B6 /* Colorize.swift */,
			);
			path = Extensions;
			sourceTree = "<group>";
		};
/* End PBXGroup section */

/* Begin PBXNativeTarget section */
		4A2F3FEC28B6ED5E00FFE0B6 /* Rebuke */ = {
			isa = PBXNativeTarget;
			buildConfigurationList = 4A2F401128B6ED5F00FFE0B6 /* Build configuration list for PBXNativeTarget "Rebuke" */;
			buildPhases = (
				4A2F3FE928B6ED5E00FFE0B6 /* Sources */,
				4A2F3FEA28B6ED5E00FFE0B6 /* Frameworks */,
				4A2F3FEB28B6ED5E00FFE0B6 /* Resources */,
			);
			buildRules = (
			);
			dependencies = (
			);
			name = Rebuke;
			productName = Rebuke;
			productReference = 4A2F3FED28B6ED5E00FFE0B6 /* Rebuke.app */;
			productType = "com.apple.product-type.application";
		};
		4A2F3FFC28B6ED5F00FFE0B6 /* RebukeTests */ = {
			isa = PBXNativeTarget;
			buildConfigurationList = 4A2F401428B6ED5F00FFE0B6 /* Build configuration list for PBXNativeTarget "RebukeTests" */;
			buildPhases = (
				4A2F3FF928B6ED5F00FFE0B6 /* Sources */,
				4A2F3FFA28B6ED5F00FFE0B6 /* Frameworks */,
				4A2F3FFB28B6ED5F00FFE0B6 /* Resources */,
			);
			buildRules = (
			);
			dependencies = (
				4A2F3FFF28B6ED5F00FFE0B6 /* PBXTargetDependency */,
			);
			name = RebukeTests;
			productName = RebukeTests;
			productReference = 4A2F3FFD28B6ED5F00FFE0B6 /* RebukeTests.xctest */;
			productType = "com.apple.product-type.bundle.unit-test";
		};
		4A2F400628B6ED5F00FFE0B6 /* RebukeUITests */ = {
			isa = PBXNativeTarget;
			buildConfigurationList = 4A2F401728B6ED5F00FFE0B6 /* Build configuration list for PBXNativeTarget "RebukeUITests" */;
			buildPhases = (
				4A2F400328B6ED5F00FFE0B6 /* Sources */,
				4A2F400428B6ED5F00FFE0B6 /* Frameworks */,
				4A2F400528B6ED5F00FFE0B6 /* Resources */,
			);
			buildRules = (
			);
			dependencies = (
				4A2F400928B6ED5F00FFE0B6 /* PBXTargetDependency */,
			);
			name = RebukeUITests;
			productName = RebukeUITests;
			productReference = 4A2F400728B6ED5F00FFE0B6 /* RebukeUITests.xctest */;
			productType = "com.apple.product-type.bundle.ui-testing";
		};
/* End PBXNativeTarget section */

/* Begin PBXProject section */
		4A2F3FE528B6ED5E00FFE0B6 /* Project object */ = {
			isa = PBXProject;
			attributes = {
				BuildIndependentTargetsInParallel = 1;
				LastSwiftUpdateCheck = 1400;
				LastUpgradeCheck = 1400;
				TargetAttributes = {
					4A2F3FEC28B6ED5E00FFE0B6 = {
						CreatedOnToolsVersion = 14.0;
					};
					4A2F3FFC28B6ED5F00FFE0B6 = {
						CreatedOnToolsVersion = 14.0;
						TestTargetID = 4A2F3FEC28B6ED5E00FFE0B6;
					};
					4A2F400628B6ED5F00FFE0B6 = {
						CreatedOnToolsVersion = 14.0;
						TestTargetID = 4A2F3FEC28B6ED5E00FFE0B6;
					};
				};
			};
			buildConfigurationList = 4A2F3FE828B6ED5E00FFE0B6 /* Build configuration list for PBXProject "Rebuke" */;
			compatibilityVersion = "Xcode 14.0";
			developmentRegion = en;
			hasScannedForEncodings = 0;
			knownRegions = (
				en,
				Base,
			);
			mainGroup = 4A2F3FE428B6ED5E00FFE0B6;
			productRefGroup = 4A2F3FEE28B6ED5E00FFE0B6 /* Products */;
			projectDirPath = "";
			projectRoot = "";
			targets = (
				4A2F3FEC28B6ED5E00FFE0B6 /* Rebuke */,
				4A2F3FFC28B6ED5F00FFE0B6 /* RebukeTests */,
				4A2F400628B6ED5F00FFE0B6 /* RebukeUITests */,
			);
		};
/* End PBXProject section */

/* Begin PBXResourcesBuildPhase section */
		4A2F3FEB28B6ED5E00FFE0B6 /* Resources */ = {
			isa = PBXResourcesBuildPhase;
			buildActionMask = 2147483647;
			files = (
				4A2F3FF828B6ED5F00FFE0B6 /* Preview Assets.xcassets in Resources */,
				4A2F3FF528B6ED5F00FFE0B6 /* Assets.xcassets in Resources */,
			);
			runOnlyForDeploymentPostprocessing = 0;
		};
		4A2F3FFB28B6ED5F00FFE0B6 /* Resources */ = {
			isa = PBXResourcesBuildPhase;
			buildActionMask = 2147483647;
			files = (
			);
			runOnlyForDeploymentPostprocessing = 0;
		};
		4A2F400528B6ED5F00FFE0B6 /* Resources */ = {
			isa = PBXResourcesBuildPhase;
			buildActionMask = 2147483647;
			files = (
			);
			runOnlyForDeploymentPostprocessing = 0;
		};
/* End PBXResourcesBuildPhase section */

/* Begin PBXSourcesBuildPhase section */
		4A2F3FE928B6ED5E00FFE0B6 /* Sources */ = {
			isa = PBXSourcesBuildPhase;
			buildActionMask = 2147483647;
			files = (
				4A2F404128B86EC400FFE0B6 /* TimerView.swift in Sources */,
				4A1AB62028C65C1100B4C722 /* WorkoutEditScreen.swift in Sources */,
				4A2F402728B6F2F600FFE0B6 /* BaseModel.swift in Sources */,
				4A2F402328B6F1D200FFE0B6 /* HistoryModel.swift in Sources */,
				4A2F403328B6F77F00FFE0B6 /* WorkoutListScreen.swift in Sources */,
				4A0442CB28C599F700ED7227 /* WorkoutDetailScreen.swift in Sources */,
				4A0442CD28C6466300ED7227 /* WorkoutCell.swift in Sources */,
				4A2F402B28B6F3EA00FFE0B6 /* CoreDataManager.swift in Sources */,
				4A2F402F28B6F5F500FFE0B6 /* ViewExtension.swift in Sources */,
				4A2F3FF328B6ED5E00FFE0B6 /* ContentView.swift in Sources */,
				4A2F403F28B86A6B00FFE0B6 /* Colorize.swift in Sources */,
				4A2F403128B6F61B00FFE0B6 /* DateExtension.swift in Sources */,
				4A2F404528B86F5900FFE0B6 /* ThemeData.swift in Sources */,
				4A2F404728B86F8400FFE0B6 /* ThemeSettings.swift in Sources */,
				4A2F402528B6F26300FFE0B6 /* Workout + Extensions.swift in Sources */,
				4A2F404328B86F2A00FFE0B6 /* ThemeModel.swift in Sources */,
				4A2F403928B710F600FFE0B6 /* AddWorkoutViewModel.swift in Sources */,
				4A1AB62228C65E6800B4C722 /* WorkoutDetailViewModel.swift in Sources */,
				4A04428428C5380A00ED7227 /* WorkoutEditViewModel.swift in Sources */,
				4A2F401C28B6EDA500FFE0B6 /* DailyWorkout.xcdatamodeld in Sources */,
				4A2F3FF128B6ED5E00FFE0B6 /* RebukeApp.swift in Sources */,
				4A2F403528B70C9100FFE0B6 /* AddWorkoutScreen.swift in Sources */,
				4A2F402D28B6F4B200FFE0B6 /* WorkoutListViewModel.swift in Sources */,
			);
			runOnlyForDeploymentPostprocessing = 0;
		};
		4A2F3FF928B6ED5F00FFE0B6 /* Sources */ = {
			isa = PBXSourcesBuildPhase;
			buildActionMask = 2147483647;
			files = (
				4A2F400228B6ED5F00FFE0B6 /* RebukeTests.swift in Sources */,
			);
			runOnlyForDeploymentPostprocessing = 0;
		};
		4A2F400328B6ED5F00FFE0B6 /* Sources */ = {
			isa = PBXSourcesBuildPhase;
			buildActionMask = 2147483647;
			files = (
				4A2F400E28B6ED5F00FFE0B6 /* RebukeUITestsLaunchTests.swift in Sources */,
				4A2F400C28B6ED5F00FFE0B6 /* RebukeUITests.swift in Sources */,
			);
			runOnlyForDeploymentPostprocessing = 0;
		};
/* End PBXSourcesBuildPhase section */

/* Begin PBXTargetDependency section */
		4A2F3FFF28B6ED5F00FFE0B6 /* PBXTargetDependency */ = {
			isa = PBXTargetDependency;
			target = 4A2F3FEC28B6ED5E00FFE0B6 /* Rebuke */;
			targetProxy = 4A2F3FFE28B6ED5F00FFE0B6 /* PBXContainerItemProxy */;
		};
		4A2F400928B6ED5F00FFE0B6 /* PBXTargetDependency */ = {
			isa = PBXTargetDependency;
			target = 4A2F3FEC28B6ED5E00FFE0B6 /* Rebuke */;
			targetProxy = 4A2F400828B6ED5F00FFE0B6 /* PBXContainerItemProxy */;
		};
/* End PBXTargetDependency section */

/* Begin XCBuildConfiguration section */
		4A2F400F28B6ED5F00FFE0B6 /* Debug */ = {
			isa = XCBuildConfiguration;
			buildSettings = {
				ALWAYS_SEARCH_USER_PATHS = NO;
				CLANG_ANALYZER_NONNULL = YES;
				CLANG_ANALYZER_NUMBER_OBJECT_CONVERSION = YES_AGGRESSIVE;
				CLANG_CXX_LANGUAGE_STANDARD = "gnu++20";
				CLANG_ENABLE_MODULES = YES;
				CLANG_ENABLE_OBJC_ARC = YES;
				CLANG_ENABLE_OBJC_WEAK = YES;
				CLANG_WARN_BLOCK_CAPTURE_AUTORELEASING = YES;
				CLANG_WARN_BOOL_CONVERSION = YES;
				CLANG_WARN_COMMA = YES;
				CLANG_WARN_CONSTANT_CONVERSION = YES;
				CLANG_WARN_DEPRECATED_OBJC_IMPLEMENTATIONS = YES;
				CLANG_WARN_DIRECT_OBJC_ISA_USAGE = YES_ERROR;
				CLANG_WARN_DOCUMENTATION_COMMENTS = YES;
				CLANG_WARN_EMPTY_BODY = YES;
				CLANG_WARN_ENUM_CONVERSION = YES;
				CLANG_WARN_INFINITE_RECURSION = YES;
				CLANG_WARN_INT_CONVERSION = YES;
				CLANG_WARN_NON_LITERAL_NULL_CONVERSION = YES;
				CLANG_WARN_OBJC_IMPLICIT_RETAIN_SELF = YES;
				CLANG_WARN_OBJC_LITERAL_CONVERSION = YES;
				CLANG_WARN_OBJC_ROOT_CLASS = YES_ERROR;
				CLANG_WARN_QUOTED_INCLUDE_IN_FRAMEWORK_HEADER = YES;
				CLANG_WARN_RANGE_LOOP_ANALYSIS = YES;
				CLANG_WARN_STRICT_PROTOTYPES = YES;
				CLANG_WARN_SUSPICIOUS_MOVE = YES;
				CLANG_WARN_UNGUARDED_AVAILABILITY = YES_AGGRESSIVE;
				CLANG_WARN_UNREACHABLE_CODE = YES;
				CLANG_WARN__DUPLICATE_METHOD_MATCH = YES;
				COPY_PHASE_STRIP = NO;
				DEBUG_INFORMATION_FORMAT = dwarf;
				ENABLE_STRICT_OBJC_MSGSEND = YES;
				ENABLE_TESTABILITY = YES;
				GCC_C_LANGUAGE_STANDARD = gnu11;
				GCC_DYNAMIC_NO_PIC = NO;
				GCC_NO_COMMON_BLOCKS = YES;
				GCC_OPTIMIZATION_LEVEL = 0;
				GCC_PREPROCESSOR_DEFINITIONS = (
					"DEBUG=1",
					"$(inherited)",
				);
				GCC_WARN_64_TO_32_BIT_CONVERSION = YES;
				GCC_WARN_ABOUT_RETURN_TYPE = YES_ERROR;
				GCC_WARN_UNDECLARED_SELECTOR = YES;
				GCC_WARN_UNINITIALIZED_AUTOS = YES_AGGRESSIVE;
				GCC_WARN_UNUSED_FUNCTION = YES;
				GCC_WARN_UNUSED_VARIABLE = YES;
				IPHONEOS_DEPLOYMENT_TARGET = 16.0;
				MTL_ENABLE_DEBUG_INFO = INCLUDE_SOURCE;
				MTL_FAST_MATH = YES;
				ONLY_ACTIVE_ARCH = YES;
				SDKROOT = iphoneos;
				SWIFT_ACTIVE_COMPILATION_CONDITIONS = DEBUG;
				SWIFT_OPTIMIZATION_LEVEL = "-Onone";
			};
			name = Debug;
		};
		4A2F401028B6ED5F00FFE0B6 /* Release */ = {
			isa = XCBuildConfiguration;
			buildSettings = {
				ALWAYS_SEARCH_USER_PATHS = NO;
				CLANG_ANALYZER_NONNULL = YES;
				CLANG_ANALYZER_NUMBER_OBJECT_CONVERSION = YES_AGGRESSIVE;
				CLANG_CXX_LANGUAGE_STANDARD = "gnu++20";
				CLANG_ENABLE_MODULES = YES;
				CLANG_ENABLE_OBJC_ARC = YES;
				CLANG_ENABLE_OBJC_WEAK = YES;
				CLANG_WARN_BLOCK_CAPTURE_AUTORELEASING = YES;
				CLANG_WARN_BOOL_CONVERSION = YES;
				CLANG_WARN_COMMA = YES;
				CLANG_WARN_CONSTANT_CONVERSION = YES;
				CLANG_WARN_DEPRECATED_OBJC_IMPLEMENTATIONS = YES;
				CLANG_WARN_DIRECT_OBJC_ISA_USAGE = YES_ERROR;
				CLANG_WARN_DOCUMENTATION_COMMENTS = YES;
				CLANG_WARN_EMPTY_BODY = YES;
				CLANG_WARN_ENUM_CONVERSION = YES;
				CLANG_WARN_INFINITE_RECURSION = YES;
				CLANG_WARN_INT_CONVERSION = YES;
				CLANG_WARN_NON_LITERAL_NULL_CONVERSION = YES;
				CLANG_WARN_OBJC_IMPLICIT_RETAIN_SELF = YES;
				CLANG_WARN_OBJC_LITERAL_CONVERSION = YES;
				CLANG_WARN_OBJC_ROOT_CLASS = YES_ERROR;
				CLANG_WARN_QUOTED_INCLUDE_IN_FRAMEWORK_HEADER = YES;
				CLANG_WARN_RANGE_LOOP_ANALYSIS = YES;
				CLANG_WARN_STRICT_PROTOTYPES = YES;
				CLANG_WARN_SUSPICIOUS_MOVE = YES;
				CLANG_WARN_UNGUARDED_AVAILABILITY = YES_AGGRESSIVE;
				CLANG_WARN_UNREACHABLE_CODE = YES;
				CLANG_WARN__DUPLICATE_METHOD_MATCH = YES;
				COPY_PHASE_STRIP = NO;
				DEBUG_INFORMATION_FORMAT = "dwarf-with-dsym";
				ENABLE_NS_ASSERTIONS = NO;
				ENABLE_STRICT_OBJC_MSGSEND = YES;
				GCC_C_LANGUAGE_STANDARD = gnu11;
				GCC_NO_COMMON_BLOCKS = YES;
				GCC_WARN_64_TO_32_BIT_CONVERSION = YES;
				GCC_WARN_ABOUT_RETURN_TYPE = YES_ERROR;
				GCC_WARN_UNDECLARED_SELECTOR = YES;
				GCC_WARN_UNINITIALIZED_AUTOS = YES_AGGRESSIVE;
				GCC_WARN_UNUSED_FUNCTION = YES;
				GCC_WARN_UNUSED_VARIABLE = YES;
				IPHONEOS_DEPLOYMENT_TARGET = 16.0;
				MTL_ENABLE_DEBUG_INFO = NO;
				MTL_FAST_MATH = YES;
				SDKROOT = iphoneos;
				SWIFT_COMPILATION_MODE = wholemodule;
				SWIFT_OPTIMIZATION_LEVEL = "-O";
				VALIDATE_PRODUCT = YES;
			};
			name = Release;
		};
		4A2F401228B6ED5F00FFE0B6 /* Debug */ = {
			isa = XCBuildConfiguration;
			buildSettings = {
				ASSETCATALOG_COMPILER_APPICON_NAME = AppIcon;
				ASSETCATALOG_COMPILER_GLOBAL_ACCENT_COLOR_NAME = AccentColor;
				CODE_SIGN_STYLE = Automatic;
				CURRENT_PROJECT_VERSION = 1;
				DEVELOPMENT_ASSET_PATHS = "\"Rebuke/Preview Content\"";
				DEVELOPMENT_TEAM = W59W3QVKXJ;
				ENABLE_PREVIEWS = YES;
				GENERATE_INFOPLIST_FILE = YES;
				INFOPLIST_KEY_UIApplicationSceneManifest_Generation = YES;
				INFOPLIST_KEY_UIApplicationSupportsIndirectInputEvents = YES;
				INFOPLIST_KEY_UILaunchScreen_Generation = YES;
				INFOPLIST_KEY_UISupportedInterfaceOrientations_iPad = "UIInterfaceOrientationPortrait UIInterfaceOrientationPortraitUpsideDown UIInterfaceOrientationLandscapeLeft UIInterfaceOrientationLandscapeRight";
				INFOPLIST_KEY_UISupportedInterfaceOrientations_iPhone = "UIInterfaceOrientationPortrait UIInterfaceOrientationLandscapeLeft UIInterfaceOrientationLandscapeRight";
				LD_RUNPATH_SEARCH_PATHS = (
					"$(inherited)",
					"@executable_path/Frameworks",
				);
				MARKETING_VERSION = 1.0;
				PRODUCT_BUNDLE_IDENTIFIER = "com.sigmatech.daily-workout.Rebuke";
				PRODUCT_NAME = "$(TARGET_NAME)";
				SWIFT_EMIT_LOC_STRINGS = YES;
				SWIFT_VERSION = 5.0;
				TARGETED_DEVICE_FAMILY = "1,2";
			};
			name = Debug;
		};
		4A2F401328B6ED5F00FFE0B6 /* Release */ = {
			isa = XCBuildConfiguration;
			buildSettings = {
				ASSETCATALOG_COMPILER_APPICON_NAME = AppIcon;
				ASSETCATALOG_COMPILER_GLOBAL_ACCENT_COLOR_NAME = AccentColor;
				CODE_SIGN_STYLE = Automatic;
				CURRENT_PROJECT_VERSION = 1;
				DEVELOPMENT_ASSET_PATHS = "\"Rebuke/Preview Content\"";
				DEVELOPMENT_TEAM = W59W3QVKXJ;
				ENABLE_PREVIEWS = YES;
				GENERATE_INFOPLIST_FILE = YES;
				INFOPLIST_KEY_UIApplicationSceneManifest_Generation = YES;
				INFOPLIST_KEY_UIApplicationSupportsIndirectInputEvents = YES;
				INFOPLIST_KEY_UILaunchScreen_Generation = YES;
				INFOPLIST_KEY_UISupportedInterfaceOrientations_iPad = "UIInterfaceOrientationPortrait UIInterfaceOrientationPortraitUpsideDown UIInterfaceOrientationLandscapeLeft UIInterfaceOrientationLandscapeRight";
				INFOPLIST_KEY_UISupportedInterfaceOrientations_iPhone = "UIInterfaceOrientationPortrait UIInterfaceOrientationLandscapeLeft UIInterfaceOrientationLandscapeRight";
				LD_RUNPATH_SEARCH_PATHS = (
					"$(inherited)",
					"@executable_path/Frameworks",
				);
				MARKETING_VERSION = 1.0;
				PRODUCT_BUNDLE_IDENTIFIER = "com.sigmatech.daily-workout.Rebuke";
				PRODUCT_NAME = "$(TARGET_NAME)";
				SWIFT_EMIT_LOC_STRINGS = YES;
				SWIFT_VERSION = 5.0;
				TARGETED_DEVICE_FAMILY = "1,2";
			};
			name = Release;
		};
		4A2F401528B6ED5F00FFE0B6 /* Debug */ = {
			isa = XCBuildConfiguration;
			buildSettings = {
				ALWAYS_EMBED_SWIFT_STANDARD_LIBRARIES = YES;
				BUNDLE_LOADER = "$(TEST_HOST)";
				CODE_SIGN_STYLE = Automatic;
				CURRENT_PROJECT_VERSION = 1;
				DEVELOPMENT_TEAM = W59W3QVKXJ;
				GENERATE_INFOPLIST_FILE = YES;
				IPHONEOS_DEPLOYMENT_TARGET = 16.0;
				MARKETING_VERSION = 1.0;
				PRODUCT_BUNDLE_IDENTIFIER = "com.sigmatech.daily-workout.RebukeTests";
				PRODUCT_NAME = "$(TARGET_NAME)";
				SWIFT_EMIT_LOC_STRINGS = NO;
				SWIFT_VERSION = 5.0;
				TARGETED_DEVICE_FAMILY = "1,2";
				TEST_HOST = "$(BUILT_PRODUCTS_DIR)/Rebuke.app/$(BUNDLE_EXECUTABLE_FOLDER_PATH)/Rebuke";
			};
			name = Debug;
		};
		4A2F401628B6ED5F00FFE0B6 /* Release */ = {
			isa = XCBuildConfiguration;
			buildSettings = {
				ALWAYS_EMBED_SWIFT_STANDARD_LIBRARIES = YES;
				BUNDLE_LOADER = "$(TEST_HOST)";
				CODE_SIGN_STYLE = Automatic;
				CURRENT_PROJECT_VERSION = 1;
				DEVELOPMENT_TEAM = W59W3QVKXJ;
				GENERATE_INFOPLIST_FILE = YES;
				IPHONEOS_DEPLOYMENT_TARGET = 16.0;
				MARKETING_VERSION = 1.0;
				PRODUCT_BUNDLE_IDENTIFIER = "com.sigmatech.daily-workout.RebukeTests";
				PRODUCT_NAME = "$(TARGET_NAME)";
				SWIFT_EMIT_LOC_STRINGS = NO;
				SWIFT_VERSION = 5.0;
				TARGETED_DEVICE_FAMILY = "1,2";
				TEST_HOST = "$(BUILT_PRODUCTS_DIR)/Rebuke.app/$(BUNDLE_EXECUTABLE_FOLDER_PATH)/Rebuke";
			};
			name = Release;
		};
		4A2F401828B6ED5F00FFE0B6 /* Debug */ = {
			isa = XCBuildConfiguration;
			buildSettings = {
				ALWAYS_EMBED_SWIFT_STANDARD_LIBRARIES = YES;
				CODE_SIGN_STYLE = Automatic;
				CURRENT_PROJECT_VERSION = 1;
				DEVELOPMENT_TEAM = W59W3QVKXJ;
				GENERATE_INFOPLIST_FILE = YES;
				MARKETING_VERSION = 1.0;
				PRODUCT_BUNDLE_IDENTIFIER = "com.sigmatech.daily-workout.RebukeUITests";
				PRODUCT_NAME = "$(TARGET_NAME)";
				SWIFT_EMIT_LOC_STRINGS = NO;
				SWIFT_VERSION = 5.0;
				TARGETED_DEVICE_FAMILY = "1,2";
				TEST_TARGET_NAME = Rebuke;
			};
			name = Debug;
		};
		4A2F401928B6ED5F00FFE0B6 /* Release */ = {
			isa = XCBuildConfiguration;
			buildSettings = {
				ALWAYS_EMBED_SWIFT_STANDARD_LIBRARIES = YES;
				CODE_SIGN_STYLE = Automatic;
				CURRENT_PROJECT_VERSION = 1;
				DEVELOPMENT_TEAM = W59W3QVKXJ;
				GENERATE_INFOPLIST_FILE = YES;
				MARKETING_VERSION = 1.0;
				PRODUCT_BUNDLE_IDENTIFIER = "com.sigmatech.daily-workout.RebukeUITests";
				PRODUCT_NAME = "$(TARGET_NAME)";
				SWIFT_EMIT_LOC_STRINGS = NO;
				SWIFT_VERSION = 5.0;
				TARGETED_DEVICE_FAMILY = "1,2";
				TEST_TARGET_NAME = Rebuke;
			};
			name = Release;
		};
/* End XCBuildConfiguration section */

/* Begin XCConfigurationList section */
		4A2F3FE828B6ED5E00FFE0B6 /* Build configuration list for PBXProject "Rebuke" */ = {
			isa = XCConfigurationList;
			buildConfigurations = (
				4A2F400F28B6ED5F00FFE0B6 /* Debug */,
				4A2F401028B6ED5F00FFE0B6 /* Release */,
			);
			defaultConfigurationIsVisible = 0;
			defaultConfigurationName = Release;
		};
		4A2F401128B6ED5F00FFE0B6 /* Build configuration list for PBXNativeTarget "Rebuke" */ = {
			isa = XCConfigurationList;
			buildConfigurations = (
				4A2F401228B6ED5F00FFE0B6 /* Debug */,
				4A2F401328B6ED5F00FFE0B6 /* Release */,
			);
			defaultConfigurationIsVisible = 0;
			defaultConfigurationName = Release;
		};
		4A2F401428B6ED5F00FFE0B6 /* Build configuration list for PBXNativeTarget "RebukeTests" */ = {
			isa = XCConfigurationList;
			buildConfigurations = (
				4A2F401528B6ED5F00FFE0B6 /* Debug */,
				4A2F401628B6ED5F00FFE0B6 /* Release */,
			);
			defaultConfigurationIsVisible = 0;
			defaultConfigurationName = Release;
		};
		4A2F401728B6ED5F00FFE0B6 /* Build configuration list for PBXNativeTarget "RebukeUITests" */ = {
			isa = XCConfigurationList;
			buildConfigurations = (
				4A2F401828B6ED5F00FFE0B6 /* Debug */,
				4A2F401928B6ED5F00FFE0B6 /* Release */,
			);
			defaultConfigurationIsVisible = 0;
			defaultConfigurationName = Release;
		};
/* End XCConfigurationList section */

/* Begin XCVersionGroup section */
		4A2F401A28B6EDA500FFE0B6 /* DailyWorkout.xcdatamodeld */ = {
			isa = XCVersionGroup;
			children = (
				4A2F401B28B6EDA500FFE0B6 /* DailyWorkout.xcdatamodel */,
			);
			currentVersion = 4A2F401B28B6EDA500FFE0B6 /* DailyWorkout.xcdatamodel */;
			path = DailyWorkout.xcdatamodeld;
			sourceTree = "<group>";
			versionGroupType = wrapper.xcdatamodel;
		};
/* End XCVersionGroup section */
	};
	rootObject = 4A2F3FE528B6ED5E00FFE0B6 /* Project object */;
}
